// !$*UTF8*$!
{
	archiveVersion = 1;
	classes = {
	};
	objectVersion = 46;
	objects = {

/* Begin PBXBuildFile section */
		CA0DC7771B2B83E300431078 /* BeaconInfo.swift in Sources */ = {isa = PBXBuildFile; fileRef = CA0DC7761B2B83E300431078 /* BeaconInfo.swift */; };
		CA0DC77B1B2B872800431078 /* DetailsViewController.swift in Sources */ = {isa = PBXBuildFile; fileRef = CA0DC77A1B2B872800431078 /* DetailsViewController.swift */; };
		CA0DC77D1B2B8C7C00431078 /* BeaconListViewController.swift in Sources */ = {isa = PBXBuildFile; fileRef = CA0DC77C1B2B8C7C00431078 /* BeaconListViewController.swift */; };
		CA0DC77F1B2B8D7000431078 /* BeaconTableViewCell.swift in Sources */ = {isa = PBXBuildFile; fileRef = CA0DC77E1B2B8D7000431078 /* BeaconTableViewCell.swift */; };
		CA3BB4191B29EB3400DFB093 /* AppDelegate.swift in Sources */ = {isa = PBXBuildFile; fileRef = CA3BB4181B29EB3400DFB093 /* AppDelegate.swift */; };
		CA3BB41E1B29EB3400DFB093 /* Main.storyboard in Resources */ = {isa = PBXBuildFile; fileRef = CA3BB41C1B29EB3400DFB093 /* Main.storyboard */; };
		CA3BB4201B29EB3400DFB093 /* Images.xcassets in Resources */ = {isa = PBXBuildFile; fileRef = CA3BB41F1B29EB3400DFB093 /* Images.xcassets */; };
		CA3BB4231B29EB3400DFB093 /* LaunchScreen.xib in Resources */ = {isa = PBXBuildFile; fileRef = CA3BB4211B29EB3400DFB093 /* LaunchScreen.xib */; };
		CA3BB42F1B29EB3400DFB093 /* iThereTests.swift in Sources */ = {isa = PBXBuildFile; fileRef = CA3BB42E1B29EB3400DFB093 /* iThereTests.swift */; };
		CAA2445E1B2BD764008FA22E /* Member.swift in Sources */ = {isa = PBXBuildFile; fileRef = CAA2445D1B2BD764008FA22E /* Member.swift */; };
		CAA244601B2BD877008FA22E /* MemberService.swift in Sources */ = {isa = PBXBuildFile; fileRef = CAA2445F1B2BD877008FA22E /* MemberService.swift */; };
		CAA244911B2C9BC6008FA22E /* BluetoothScanner.swift in Sources */ = {isa = PBXBuildFile; fileRef = CAA244901B2C9BC6008FA22E /* BluetoothScanner.swift */; };
		CAA244931B2DB8AF008FA22E /* BeaconTableViewController.swift in Sources */ = {isa = PBXBuildFile; fileRef = CAA244921B2DB8AF008FA22E /* BeaconTableViewController.swift */; };
/* End PBXBuildFile section */

/* Begin PBXContainerItemProxy section */
		CA3BB4291B29EB3400DFB093 /* PBXContainerItemProxy */ = {
			isa = PBXContainerItemProxy;
			containerPortal = CA3BB40B1B29EB3400DFB093 /* Project object */;
			proxyType = 1;
			remoteGlobalIDString = CA3BB4121B29EB3400DFB093;
			remoteInfo = iThere;
		};
/* End PBXContainerItemProxy section */

/* Begin PBXFileReference section */
		CA0DC7761B2B83E300431078 /* BeaconInfo.swift */ = {isa = PBXFileReference; fileEncoding = 4; lastKnownFileType = sourcecode.swift; path = BeaconInfo.swift; sourceTree = "<group>"; };
		CA0DC77A1B2B872800431078 /* DetailsViewController.swift */ = {isa = PBXFileReference; fileEncoding = 4; lastKnownFileType = sourcecode.swift; name = DetailsViewController.swift; path = ../DetailsViewController.swift; sourceTree = "<group>"; };
		CA0DC77C1B2B8C7C00431078 /* BeaconListViewController.swift */ = {isa = PBXFileReference; fileEncoding = 4; lastKnownFileType = sourcecode.swift; path = BeaconListViewController.swift; sourceTree = "<group>"; };
		CA0DC77E1B2B8D7000431078 /* BeaconTableViewCell.swift */ = {isa = PBXFileReference; fileEncoding = 4; lastKnownFileType = sourcecode.swift; path = BeaconTableViewCell.swift; sourceTree = "<group>"; };
		CA3BB4131B29EB3400DFB093 /* iThere.app */ = {isa = PBXFileReference; explicitFileType = wrapper.application; includeInIndex = 0; path = iThere.app; sourceTree = BUILT_PRODUCTS_DIR; };
		CA3BB4171B29EB3400DFB093 /* Info.plist */ = {isa = PBXFileReference; lastKnownFileType = text.plist.xml; path = Info.plist; sourceTree = "<group>"; };
		CA3BB4181B29EB3400DFB093 /* AppDelegate.swift */ = {isa = PBXFileReference; lastKnownFileType = sourcecode.swift; path = AppDelegate.swift; sourceTree = "<group>"; };
		CA3BB41D1B29EB3400DFB093 /* Base */ = {isa = PBXFileReference; lastKnownFileType = file.storyboard; name = Base; path = Base.lproj/Main.storyboard; sourceTree = "<group>"; };
		CA3BB41F1B29EB3400DFB093 /* Images.xcassets */ = {isa = PBXFileReference; lastKnownFileType = folder.assetcatalog; path = Images.xcassets; sourceTree = "<group>"; };
		CA3BB4221B29EB3400DFB093 /* Base */ = {isa = PBXFileReference; lastKnownFileType = file.xib; name = Base; path = Base.lproj/LaunchScreen.xib; sourceTree = "<group>"; };
		CA3BB4281B29EB3400DFB093 /* iThereTests.xctest */ = {isa = PBXFileReference; explicitFileType = wrapper.cfbundle; includeInIndex = 0; path = iThereTests.xctest; sourceTree = BUILT_PRODUCTS_DIR; };
		CA3BB42D1B29EB3400DFB093 /* Info.plist */ = {isa = PBXFileReference; lastKnownFileType = text.plist.xml; path = Info.plist; sourceTree = "<group>"; };
		CA3BB42E1B29EB3400DFB093 /* iThereTests.swift */ = {isa = PBXFileReference; lastKnownFileType = sourcecode.swift; path = iThereTests.swift; sourceTree = "<group>"; };
		CAA2445D1B2BD764008FA22E /* Member.swift */ = {isa = PBXFileReference; fileEncoding = 4; lastKnownFileType = sourcecode.swift; path = Member.swift; sourceTree = "<group>"; };
		CAA2445F1B2BD877008FA22E /* MemberService.swift */ = {isa = PBXFileReference; fileEncoding = 4; lastKnownFileType = sourcecode.swift; path = MemberService.swift; sourceTree = "<group>"; };
		CAA244901B2C9BC6008FA22E /* BluetoothScanner.swift */ = {isa = PBXFileReference; fileEncoding = 4; lastKnownFileType = sourcecode.swift; path = BluetoothScanner.swift; sourceTree = "<group>"; };
		CAA244921B2DB8AF008FA22E /* BeaconTableViewController.swift */ = {isa = PBXFileReference; fileEncoding = 4; lastKnownFileType = sourcecode.swift; name = BeaconTableViewController.swift; path = iThere/BeaconTableViewController.swift; sourceTree = "<group>"; };
/* End PBXFileReference section */

/* Begin PBXFrameworksBuildPhase section */
		CA3BB4101B29EB3400DFB093 /* Frameworks */ = {
			isa = PBXFrameworksBuildPhase;
			buildActionMask = 2147483647;
			files = (
			);
			runOnlyForDeploymentPostprocessing = 0;
		};
		CA3BB4251B29EB3400DFB093 /* Frameworks */ = {
			isa = PBXFrameworksBuildPhase;
			buildActionMask = 2147483647;
			files = (
			);
			runOnlyForDeploymentPostprocessing = 0;
		};
/* End PBXFrameworksBuildPhase section */

/* Begin PBXGroup section */
		CA3BB40A1B29EB3400DFB093 = {
			isa = PBXGroup;
			children = (
				CAA244921B2DB8AF008FA22E /* BeaconTableViewController.swift */,
				CA3BB4151B29EB3400DFB093 /* iThere */,
				CA3BB42B1B29EB3400DFB093 /* iThereTests */,
				CA3BB4141B29EB3400DFB093 /* Products */,
			);
			sourceTree = "<group>";
		};
		CA3BB4141B29EB3400DFB093 /* Products */ = {
			isa = PBXGroup;
			children = (
				CA3BB4131B29EB3400DFB093 /* iThere.app */,
				CA3BB4281B29EB3400DFB093 /* iThereTests.xctest */,
			);
			name = Products;
			sourceTree = "<group>";
		};
		CA3BB4151B29EB3400DFB093 /* iThere */ = {
			isa = PBXGroup;
			children = (
				CA0DC77E1B2B8D7000431078 /* BeaconTableViewCell.swift */,
				CA0DC77A1B2B872800431078 /* DetailsViewController.swift */,
				CAA2445F1B2BD877008FA22E /* MemberService.swift */,
				CA3BB4181B29EB3400DFB093 /* AppDelegate.swift */,
				CA3BB41C1B29EB3400DFB093 /* Main.storyboard */,
				CA0DC77C1B2B8C7C00431078 /* BeaconListViewController.swift */,
				CA0DC7761B2B83E300431078 /* BeaconInfo.swift */,
				CAA2445D1B2BD764008FA22E /* Member.swift */,
				CA3BB41F1B29EB3400DFB093 /* Images.xcassets */,
				CA3BB4211B29EB3400DFB093 /* LaunchScreen.xib */,
				CA3BB4161B29EB3400DFB093 /* Supporting Files */,
				CAA244901B2C9BC6008FA22E /* BluetoothScanner.swift */,
			);
			path = iThere;
			sourceTree = "<group>";
		};
		CA3BB4161B29EB3400DFB093 /* Supporting Files */ = {
			isa = PBXGroup;
			children = (
				CA3BB4171B29EB3400DFB093 /* Info.plist */,
			);
			name = "Supporting Files";
			sourceTree = "<group>";
		};
		CA3BB42B1B29EB3400DFB093 /* iThereTests */ = {
			isa = PBXGroup;
			children = (
				CA3BB42E1B29EB3400DFB093 /* iThereTests.swift */,
				CA3BB42C1B29EB3400DFB093 /* Supporting Files */,
			);
			path = iThereTests;
			sourceTree = "<group>";
		};
		CA3BB42C1B29EB3400DFB093 /* Supporting Files */ = {
			isa = PBXGroup;
			children = (
				CA3BB42D1B29EB3400DFB093 /* Info.plist */,
			);
			name = "Supporting Files";
			sourceTree = "<group>";
		};
/* End PBXGroup section */

/* Begin PBXNativeTarget section */
		CA3BB4121B29EB3400DFB093 /* iThere */ = {
			isa = PBXNativeTarget;
			buildConfigurationList = CA3BB4321B29EB3400DFB093 /* Build configuration list for PBXNativeTarget "iThere" */;
			buildPhases = (
				CA3BB40F1B29EB3400DFB093 /* Sources */,
				CA3BB4101B29EB3400DFB093 /* Frameworks */,
				CA3BB4111B29EB3400DFB093 /* Resources */,
			);
			buildRules = (
			);
			dependencies = (
			);
			name = iThere;
			productName = iThere;
			productReference = CA3BB4131B29EB3400DFB093 /* iThere.app */;
			productType = "com.apple.product-type.application";
		};
		CA3BB4271B29EB3400DFB093 /* iThereTests */ = {
			isa = PBXNativeTarget;
			buildConfigurationList = CA3BB4351B29EB3400DFB093 /* Build configuration list for PBXNativeTarget "iThereTests" */;
			buildPhases = (
				CA3BB4241B29EB3400DFB093 /* Sources */,
				CA3BB4251B29EB3400DFB093 /* Frameworks */,
				CA3BB4261B29EB3400DFB093 /* Resources */,
			);
			buildRules = (
			);
			dependencies = (
				CA3BB42A1B29EB3400DFB093 /* PBXTargetDependency */,
			);
			name = iThereTests;
			productName = iThereTests;
			productReference = CA3BB4281B29EB3400DFB093 /* iThereTests.xctest */;
			productType = "com.apple.product-type.bundle.unit-test";
		};
/* End PBXNativeTarget section */

/* Begin PBXProject section */
		CA3BB40B1B29EB3400DFB093 /* Project object */ = {
			isa = PBXProject;
			attributes = {
				LastUpgradeCheck = 0630;
				ORGANIZATIONNAME = "Rod Johnson";
				TargetAttributes = {
					CA3BB4121B29EB3400DFB093 = {
						CreatedOnToolsVersion = 6.3.2;
					};
					CA3BB4271B29EB3400DFB093 = {
						CreatedOnToolsVersion = 6.3.2;
						TestTargetID = CA3BB4121B29EB3400DFB093;
					};
				};
			};
			buildConfigurationList = CA3BB40E1B29EB3400DFB093 /* Build configuration list for PBXProject "iThere" */;
			compatibilityVersion = "Xcode 3.2";
			developmentRegion = English;
			hasScannedForEncodings = 0;
			knownRegions = (
				en,
				Base,
			);
			mainGroup = CA3BB40A1B29EB3400DFB093;
			productRefGroup = CA3BB4141B29EB3400DFB093 /* Products */;
			projectDirPath = "";
			projectRoot = "";
			targets = (
				CA3BB4121B29EB3400DFB093 /* iThere */,
				CA3BB4271B29EB3400DFB093 /* iThereTests */,
			);
		};
/* End PBXProject section */

/* Begin PBXResourcesBuildPhase section */
		CA3BB4111B29EB3400DFB093 /* Resources */ = {
			isa = PBXResourcesBuildPhase;
			buildActionMask = 2147483647;
			files = (
				CA3BB41E1B29EB3400DFB093 /* Main.storyboard in Resources */,
				CA3BB4231B29EB3400DFB093 /* LaunchScreen.xib in Resources */,
				CA3BB4201B29EB3400DFB093 /* Images.xcassets in Resources */,
			);
			runOnlyForDeploymentPostprocessing = 0;
		};
		CA3BB4261B29EB3400DFB093 /* Resources */ = {
			isa = PBXResourcesBuildPhase;
			buildActionMask = 2147483647;
			files = (
			);
			runOnlyForDeploymentPostprocessing = 0;
		};
/* End PBXResourcesBuildPhase section */

/* Begin PBXSourcesBuildPhase section */
		CA3BB40F1B29EB3400DFB093 /* Sources */ = {
			isa = PBXSourcesBuildPhase;
			buildActionMask = 2147483647;
			files = (
				CA3BB4191B29EB3400DFB093 /* AppDelegate.swift in Sources */,
				CAA244911B2C9BC6008FA22E /* BluetoothScanner.swift in Sources */,
				CAA2445E1B2BD764008FA22E /* Member.swift in Sources */,
				CA0DC77F1B2B8D7000431078 /* BeaconTableViewCell.swift in Sources */,
				CAA244601B2BD877008FA22E /* MemberService.swift in Sources */,
				CAA244931B2DB8AF008FA22E /* BeaconTableViewController.swift in Sources */,
				CA0DC7771B2B83E300431078 /* BeaconInfo.swift in Sources */,
				CA0DC77D1B2B8C7C00431078 /* BeaconListViewController.swift in Sources */,
				CA0DC77B1B2B872800431078 /* DetailsViewController.swift in Sources */,
			);
			runOnlyForDeploymentPostprocessing = 0;
		};
		CA3BB4241B29EB3400DFB093 /* Sources */ = {
			isa = PBXSourcesBuildPhase;
			buildActionMask = 2147483647;
			files = (
				CA3BB42F1B29EB3400DFB093 /* iThereTests.swift in Sources */,
			);
			runOnlyForDeploymentPostprocessing = 0;
		};
/* End PBXSourcesBuildPhase section */

/* Begin PBXTargetDependency section */
		CA3BB42A1B29EB3400DFB093 /* PBXTargetDependency */ = {
			isa = PBXTargetDependency;
			target = CA3BB4121B29EB3400DFB093 /* iThere */;
			targetProxy = CA3BB4291B29EB3400DFB093 /* PBXContainerItemProxy */;
		};
/* End PBXTargetDependency section */

/* Begin PBXVariantGroup section */
		CA3BB41C1B29EB3400DFB093 /* Main.storyboard */ = {
			isa = PBXVariantGroup;
			children = (
				CA3BB41D1B29EB3400DFB093 /* Base */,
			);
			name = Main.storyboard;
			sourceTree = "<group>";
		};
		CA3BB4211B29EB3400DFB093 /* LaunchScreen.xib */ = {
			isa = PBXVariantGroup;
			children = (
				CA3BB4221B29EB3400DFB093 /* Base */,
			);
			name = LaunchScreen.xib;
			sourceTree = "<group>";
		};
/* End PBXVariantGroup section */

/* Begin XCBuildConfiguration section */
		CA3BB4301B29EB3400DFB093 /* Debug */ = {
			isa = XCBuildConfiguration;
			buildSettings = {
				ALWAYS_SEARCH_USER_PATHS = NO;
				CLANG_CXX_LANGUAGE_STANDARD = "gnu++0x";
				CLANG_CXX_LIBRARY = "libc++";
				CLANG_ENABLE_MODULES = YES;
				CLANG_ENABLE_OBJC_ARC = YES;
				CLANG_WARN_BOOL_CONVERSION = YES;
				CLANG_WARN_CONSTANT_CONVERSION = YES;
				CLANG_WARN_DIRECT_OBJC_ISA_USAGE = YES_ERROR;
				CLANG_WARN_EMPTY_BODY = YES;
				CLANG_WARN_ENUM_CONVERSION = YES;
				CLANG_WARN_INT_CONVERSION = YES;
				CLANG_WARN_OBJC_ROOT_CLASS = YES_ERROR;
				CLANG_WARN_UNREACHABLE_CODE = YES;
				CLANG_WARN__DUPLICATE_METHOD_MATCH = YES;
				"CODE_SIGN_IDENTITY[sdk=iphoneos*]" = "iPhone Developer";
				COPY_PHASE_STRIP = NO;
				DEBUG_INFORMATION_FORMAT = "dwarf-with-dsym";
				ENABLE_STRICT_OBJC_MSGSEND = YES;
				GCC_C_LANGUAGE_STANDARD = gnu99;
				GCC_DYNAMIC_NO_PIC = NO;
				GCC_NO_COMMON_BLOCKS = YES;
				GCC_OPTIMIZATION_LEVEL = 0;
				GCC_PREPROCESSOR_DEFINITIONS = (
					"DEBUG=1",
					"$(inherited)",
				);
				GCC_SYMBOLS_PRIVATE_EXTERN = NO;
				GCC_WARN_64_TO_32_BIT_CONVERSION = YES;
				GCC_WARN_ABOUT_RETURN_TYPE = YES_ERROR;
				GCC_WARN_UNDECLARED_SELECTOR = YES;
				GCC_WARN_UNINITIALIZED_AUTOS = YES_AGGRESSIVE;
				GCC_WARN_UNUSED_FUNCTION = YES;
				GCC_WARN_UNUSED_VARIABLE = YES;
				IPHONEOS_DEPLOYMENT_TARGET = 8.3;
				MTL_ENABLE_DEBUG_INFO = YES;
				ONLY_ACTIVE_ARCH = YES;
				SDKROOT = iphoneos;
				SWIFT_OPTIMIZATION_LEVEL = "-Onone";
				TARGETED_DEVICE_FAMILY = "1,2";
			};
			name = Debug;
		};
		CA3BB4311B29EB3400DFB093 /* Release */ = {
			isa = XCBuildConfiguration;
			buildSettings = {
				ALWAYS_SEARCH_USER_PATHS = NO;
				CLANG_CXX_LANGUAGE_STANDARD = "gnu++0x";
				CLANG_CXX_LIBRARY = "libc++";
				CLANG_ENABLE_MODULES = YES;
				CLANG_ENABLE_OBJC_ARC = YES;
				CLANG_WARN_BOOL_CONVERSION = YES;
				CLANG_WARN_CONSTANT_CONVERSION = YES;
				CLANG_WARN_DIRECT_OBJC_ISA_USAGE = YES_ERROR;
				CLANG_WARN_EMPTY_BODY = YES;
				CLANG_WARN_ENUM_CONVERSION = YES;
				CLANG_WARN_INT_CONVERSION = YES;
				CLANG_WARN_OBJC_ROOT_CLASS = YES_ERROR;
				CLANG_WARN_UNREACHABLE_CODE = YES;
				CLANG_WARN__DUPLICATE_METHOD_MATCH = YES;
				"CODE_SIGN_IDENTITY[sdk=iphoneos*]" = "iPhone Developer";
				COPY_PHASE_STRIP = NO;
				DEBUG_INFORMATION_FORMAT = "dwarf-with-dsym";
				ENABLE_NS_ASSERTIONS = NO;
				ENABLE_STRICT_OBJC_MSGSEND = YES;
				GCC_C_LANGUAGE_STANDARD = gnu99;
				GCC_NO_COMMON_BLOCKS = YES;
				GCC_WARN_64_TO_32_BIT_CONVERSION = YES;
				GCC_WARN_ABOUT_RETURN_TYPE = YES_ERROR;
				GCC_WARN_UNDECLARED_SELECTOR = YES;
				GCC_WARN_UNINITIALIZED_AUTOS = YES_AGGRESSIVE;
				GCC_WARN_UNUSED_FUNCTION = YES;
				GCC_WARN_UNUSED_VARIABLE = YES;
				IPHONEOS_DEPLOYMENT_TARGET = 8.3;
				MTL_ENABLE_DEBUG_INFO = NO;
				SDKROOT = iphoneos;
				TARGETED_DEVICE_FAMILY = "1,2";
				VALIDATE_PRODUCT = YES;
			};
			name = Release;
		};
		CA3BB4331B29EB3400DFB093 /* Debug */ = {
			isa = XCBuildConfiguration;
			buildSettings = {
				ASSETCATALOG_COMPILER_APPICON_NAME = AppIcon;
				INFOPLIST_FILE = iThere/Info.plist;
				LD_RUNPATH_SEARCH_PATHS = "$(inherited) @executable_path/Frameworks";
				PRODUCT_NAME = "$(TARGET_NAME)";
			};
			name = Debug;
		};
		CA3BB4341B29EB3400DFB093 /* Release */ = {
			isa = XCBuildConfiguration;
			buildSettings = {
				ASSETCATALOG_COMPILER_APPICON_NAME = AppIcon;
				INFOPLIST_FILE = iThere/Info.plist;
				LD_RUNPATH_SEARCH_PATHS = "$(inherited) @executable_path/Frameworks";
				PRODUCT_NAME = "$(TARGET_NAME)";
			};
			name = Release;
		};
		CA3BB4361B29EB3400DFB093 /* Debug */ = {
			isa = XCBuildConfiguration;
			buildSettings = {
				BUNDLE_LOADER = "$(TEST_HOST)";
				FRAMEWORK_SEARCH_PATHS = (
					"$(SDKROOT)/Developer/Library/Frameworks",
					"$(inherited)",
				);
				GCC_PREPROCESSOR_DEFINITIONS = (
					"DEBUG=1",
					"$(inherited)",
				);
				INFOPLIST_FILE = iThereTests/Info.plist;
				LD_RUNPATH_SEARCH_PATHS = "$(inherited) @executable_path/Frameworks @loader_path/Frameworks";
				PRODUCT_NAME = "$(TARGET_NAME)";
				TEST_HOST = "$(BUILT_PRODUCTS_DIR)/iThere.app/iThere";
			};
			name = Debug;
		};
		CA3BB4371B29EB3400DFB093 /* Release */ = {
			isa = XCBuildConfiguration;
			buildSettings = {
				BUNDLE_LOADER = "$(TEST_HOST)";
				FRAMEWORK_SEARCH_PATHS = (
					"$(SDKROOT)/Developer/Library/Frameworks",
					"$(inherited)",
				);
				INFOPLIST_FILE = iThereTests/Info.plist;
				LD_RUNPATH_SEARCH_PATHS = "$(inherited) @executable_path/Frameworks @loader_path/Frameworks";
				PRODUCT_NAME = "$(TARGET_NAME)";
				TEST_HOST = "$(BUILT_PRODUCTS_DIR)/iThere.app/iThere";
			};
			name = Release;
		};
/* End XCBuildConfiguration section */

/* Begin XCConfigurationList section */
		CA3BB40E1B29EB3400DFB093 /* Build configuration list for PBXProject "iThere" */ = {
			isa = XCConfigurationList;
			buildConfigurations = (
				CA3BB4301B29EB3400DFB093 /* Debug */,
				CA3BB4311B29EB3400DFB093 /* Release */,
			);
			defaultConfigurationIsVisible = 0;
			defaultConfigurationName = Release;
		};
		CA3BB4321B29EB3400DFB093 /* Build configuration list for PBXNativeTarget "iThere" */ = {
			isa = XCConfigurationList;
			buildConfigurations = (
				CA3BB4331B29EB3400DFB093 /* Debug */,
				CA3BB4341B29EB3400DFB093 /* Release */,
			);
			defaultConfigurationIsVisible = 0;
			defaultConfigurationName = Release;
		};
		CA3BB4351B29EB3400DFB093 /* Build configuration list for PBXNativeTarget "iThereTests" */ = {
			isa = XCConfigurationList;
			buildConfigurations = (
				CA3BB4361B29EB3400DFB093 /* Debug */,
				CA3BB4371B29EB3400DFB093 /* Release */,
			);
			defaultConfigurationIsVisible = 0;
			defaultConfigurationName = Release;
		};
/* End XCConfigurationList section */
	};
	rootObject = CA3BB40B1B29EB3400DFB093 /* Project object */;
}
