// !$*UTF8*$!
{
	archiveVersion = 1;
	classes = {
	};
	objectVersion = 46;
	objects = {

/* Begin PBXBuildFile section */
		F75DC6D61B2B400F00F7B5D4 /* BeaconProxLib.h in CopyFiles */ = {isa = PBXBuildFile; fileRef = F75DC6D51B2B400F00F7B5D4 /* BeaconProxLib.h */; };
		F75DC6D81B2B400F00F7B5D4 /* BeaconProxLib.m in Sources */ = {isa = PBXBuildFile; fileRef = F75DC6D71B2B400F00F7B5D4 /* BeaconProxLib.m */; };
		F75DC6DE1B2B401000F7B5D4 /* libBeaconProxLib.a in Frameworks */ = {isa = PBXBuildFile; fileRef = F75DC6D21B2B400F00F7B5D4 /* libBeaconProxLib.a */; };
/* End PBXBuildFile section */

/* Begin PBXContainerItemProxy section */
		F75DC6DF1B2B401000F7B5D4 /* PBXContainerItemProxy */ = {
			isa = PBXContainerItemProxy;
			containerPortal = F75DC6CA1B2B400F00F7B5D4 /* Project object */;
			proxyType = 1;
			remoteGlobalIDString = F75DC6D11B2B400F00F7B5D4;
			remoteInfo = BeaconProxLib;
		};
/* End PBXContainerItemProxy section */

/* Begin PBXCopyFilesBuildPhase section */
		F75DC6D01B2B400F00F7B5D4 /* CopyFiles */ = {
			isa = PBXCopyFilesBuildPhase;
			buildActionMask = 2147483647;
			dstPath = "include/$(PRODUCT_NAME)";
			dstSubfolderSpec = 16;
			files = (
				F75DC6D61B2B400F00F7B5D4 /* BeaconProxLib.h in CopyFiles */,
			);
			runOnlyForDeploymentPostprocessing = 0;
		};
/* End PBXCopyFilesBuildPhase section */

/* Begin PBXFileReference section */
		F75DC6D21B2B400F00F7B5D4 /* libBeaconProxLib.a */ = {isa = PBXFileReference; explicitFileType = archive.ar; includeInIndex = 0; path = libBeaconProxLib.a; sourceTree = BUILT_PRODUCTS_DIR; };
		F75DC6D51B2B400F00F7B5D4 /* BeaconProxLib.h */ = {isa = PBXFileReference; lastKnownFileType = sourcecode.c.h; path = BeaconProxLib.h; sourceTree = "<group>"; };
		F75DC6D71B2B400F00F7B5D4 /* BeaconProxLib.m */ = {isa = PBXFileReference; lastKnownFileType = sourcecode.c.objc; path = BeaconProxLib.m; sourceTree = "<group>"; };
		F75DC6DD1B2B401000F7B5D4 /* BeaconProxLibTests.xctest */ = {isa = PBXFileReference; explicitFileType = wrapper.cfbundle; includeInIndex = 0; path = BeaconProxLibTests.xctest; sourceTree = BUILT_PRODUCTS_DIR; };
		F75DC6E31B2B401000F7B5D4 /* Info.plist */ = {isa = PBXFileReference; lastKnownFileType = text.plist.xml; path = Info.plist; sourceTree = "<group>"; };
/* End PBXFileReference section */

/* Begin PBXFrameworksBuildPhase section */
		F75DC6CF1B2B400F00F7B5D4 /* Frameworks */ = {
			isa = PBXFrameworksBuildPhase;
			buildActionMask = 2147483647;
			files = (
			);
			runOnlyForDeploymentPostprocessing = 0;
		};
		F75DC6DA1B2B401000F7B5D4 /* Frameworks */ = {
			isa = PBXFrameworksBuildPhase;
			buildActionMask = 2147483647;
			files = (
				F75DC6DE1B2B401000F7B5D4 /* libBeaconProxLib.a in Frameworks */,
			);
			runOnlyForDeploymentPostprocessing = 0;
		};
/* End PBXFrameworksBuildPhase section */

/* Begin PBXGroup section */
		F75DC6C91B2B400F00F7B5D4 = {
			isa = PBXGroup;
			children = (
				F75DC6D41B2B400F00F7B5D4 /* BeaconProxLib */,
				F75DC6E11B2B401000F7B5D4 /* BeaconProxLibTests */,
				F75DC6D31B2B400F00F7B5D4 /* Products */,
			);
			sourceTree = "<group>";
		};
		F75DC6D31B2B400F00F7B5D4 /* Products */ = {
			isa = PBXGroup;
			children = (
				F75DC6D21B2B400F00F7B5D4 /* libBeaconProxLib.a */,
				F75DC6DD1B2B401000F7B5D4 /* BeaconProxLibTests.xctest */,
			);
			name = Products;
			sourceTree = "<group>";
		};
		F75DC6D41B2B400F00F7B5D4 /* BeaconProxLib */ = {
			isa = PBXGroup;
			children = (
				F75DC6D51B2B400F00F7B5D4 /* BeaconProxLib.h */,
				F75DC6D71B2B400F00F7B5D4 /* BeaconProxLib.m */,
			);
			path = BeaconProxLib;
			sourceTree = "<group>";
		};
		F75DC6E11B2B401000F7B5D4 /* BeaconProxLibTests */ = {
			isa = PBXGroup;
			children = (
				F75DC6E21B2B401000F7B5D4 /* Supporting Files */,
			);
			path = BeaconProxLibTests;
			sourceTree = "<group>";
		};
		F75DC6E21B2B401000F7B5D4 /* Supporting Files */ = {
			isa = PBXGroup;
			children = (
				F75DC6E31B2B401000F7B5D4 /* Info.plist */,
			);
			name = "Supporting Files";
			sourceTree = "<group>";
		};
/* End PBXGroup section */

/* Begin PBXNativeTarget section */
		F75DC6D11B2B400F00F7B5D4 /* BeaconProxLib */ = {
			isa = PBXNativeTarget;
			buildConfigurationList = F75DC6E61B2B401000F7B5D4 /* Build configuration list for PBXNativeTarget "BeaconProxLib" */;
			buildPhases = (
				F75DC6CE1B2B400F00F7B5D4 /* Sources */,
				F75DC6CF1B2B400F00F7B5D4 /* Frameworks */,
				F75DC6D01B2B400F00F7B5D4 /* CopyFiles */,
			);
			buildRules = (
			);
			dependencies = (
			);
			name = BeaconProxLib;
			productName = BeaconProxLib;
			productReference = F75DC6D21B2B400F00F7B5D4 /* libBeaconProxLib.a */;
			productType = "com.apple.product-type.library.static";
		};
		F75DC6DC1B2B401000F7B5D4 /* BeaconProxLibTests */ = {
			isa = PBXNativeTarget;
			buildConfigurationList = F75DC6E91B2B401000F7B5D4 /* Build configuration list for PBXNativeTarget "BeaconProxLibTests" */;
			buildPhases = (
				F75DC6D91B2B401000F7B5D4 /* Sources */,
				F75DC6DA1B2B401000F7B5D4 /* Frameworks */,
				F75DC6DB1B2B401000F7B5D4 /* Resources */,
			);
			buildRules = (
			);
			dependencies = (
				F75DC6E01B2B401000F7B5D4 /* PBXTargetDependency */,
			);
			name = BeaconProxLibTests;
			productName = BeaconProxLibTests;
			productReference = F75DC6DD1B2B401000F7B5D4 /* BeaconProxLibTests.xctest */;
			productType = "com.apple.product-type.bundle.unit-test";
		};
/* End PBXNativeTarget section */

/* Begin PBXProject section */
		F75DC6CA1B2B400F00F7B5D4 /* Project object */ = {
			isa = PBXProject;
			attributes = {
				LastUpgradeCheck = 0630;
				ORGANIZATIONNAME = "Nathan Larson";
				TargetAttributes = {
					F75DC6D11B2B400F00F7B5D4 = {
						CreatedOnToolsVersion = 6.3.1;
					};
					F75DC6DC1B2B401000F7B5D4 = {
						CreatedOnToolsVersion = 6.3.1;
					};
				};
			};
			buildConfigurationList = F75DC6CD1B2B400F00F7B5D4 /* Build configuration list for PBXProject "BeaconProxLib" */;
			compatibilityVersion = "Xcode 3.2";
			developmentRegion = English;
			hasScannedForEncodings = 0;
			knownRegions = (
				en,
			);
			mainGroup = F75DC6C91B2B400F00F7B5D4;
			productRefGroup = F75DC6D31B2B400F00F7B5D4 /* Products */;
			projectDirPath = "";
			projectRoot = "";
			targets = (
				F75DC6D11B2B400F00F7B5D4 /* BeaconProxLib */,
				F75DC6DC1B2B401000F7B5D4 /* BeaconProxLibTests */,
			);
		};
/* End PBXProject section */

/* Begin PBXResourcesBuildPhase section */
		F75DC6DB1B2B401000F7B5D4 /* Resources */ = {
			isa = PBXResourcesBuildPhase;
			buildActionMask = 2147483647;
			files = (
			);
			runOnlyForDeploymentPostprocessing = 0;
		};
/* End PBXResourcesBuildPhase section */

/* Begin PBXSourcesBuildPhase section */
		F75DC6CE1B2B400F00F7B5D4 /* Sources */ = {
			isa = PBXSourcesBuildPhase;
			buildActionMask = 2147483647;
			files = (
				F75DC6D81B2B400F00F7B5D4 /* BeaconProxLib.m in Sources */,
			);
			runOnlyForDeploymentPostprocessing = 0;
		};
		F75DC6D91B2B401000F7B5D4 /* Sources */ = {
			isa = PBXSourcesBuildPhase;
			buildActionMask = 2147483647;
			files = (
			);
			runOnlyForDeploymentPostprocessing = 0;
		};
/* End PBXSourcesBuildPhase section */

/* Begin PBXTargetDependency section */
		F75DC6E01B2B401000F7B5D4 /* PBXTargetDependency */ = {
			isa = PBXTargetDependency;
			target = F75DC6D11B2B400F00F7B5D4 /* BeaconProxLib */;
			targetProxy = F75DC6DF1B2B401000F7B5D4 /* PBXContainerItemProxy */;
		};
/* End PBXTargetDependency section */

/* Begin XCBuildConfiguration section */
		F75DC6E41B2B401000F7B5D4 /* Debug */ = {
			isa = XCBuildConfiguration;
			buildSettings = {
				ALWAYS_SEARCH_USER_PATHS = NO;
				CLANG_CXX_LANGUAGE_STANDARD = "gnu++0x";
				CLANG_CXX_LIBRARY = "libc++";
				CLANG_ENABLE_MODULES = YES;
				CLANG_ENABLE_OBJC_ARC = YES;
				CLANG_WARN_BOOL_CONVERSION = YES;
				CLANG_WARN_CONSTANT_CONVERSION = YES;
				CLANG_WARN_DIRECT_OBJC_ISA_USAGE = YES_ERROR;
				CLANG_WARN_EMPTY_BODY = YES;
				CLANG_WARN_ENUM_CONVERSION = YES;
				CLANG_WARN_INT_CONVERSION = YES;
				CLANG_WARN_OBJC_ROOT_CLASS = YES_ERROR;
				CLANG_WARN_UNREACHABLE_CODE = YES;
				CLANG_WARN__DUPLICATE_METHOD_MATCH = YES;
				COPY_PHASE_STRIP = NO;
				DEBUG_INFORMATION_FORMAT = "dwarf-with-dsym";
				ENABLE_STRICT_OBJC_MSGSEND = YES;
				GCC_C_LANGUAGE_STANDARD = gnu99;
				GCC_DYNAMIC_NO_PIC = NO;
				GCC_NO_COMMON_BLOCKS = YES;
				GCC_OPTIMIZATION_LEVEL = 0;
				GCC_PREPROCESSOR_DEFINITIONS = (
					"DEBUG=1",
					"$(inherited)",
				);
				GCC_SYMBOLS_PRIVATE_EXTERN = NO;
				GCC_WARN_64_TO_32_BIT_CONVERSION = YES;
				GCC_WARN_ABOUT_RETURN_TYPE = YES_ERROR;
				GCC_WARN_UNDECLARED_SELECTOR = YES;
				GCC_WARN_UNINITIALIZED_AUTOS = YES_AGGRESSIVE;
				GCC_WARN_UNUSED_FUNCTION = YES;
				GCC_WARN_UNUSED_VARIABLE = YES;
				IPHONEOS_DEPLOYMENT_TARGET = 8.3;
				MTL_ENABLE_DEBUG_INFO = YES;
				ONLY_ACTIVE_ARCH = YES;
				SDKROOT = iphoneos;
			};
			name = Debug;
		};
		F75DC6E51B2B401000F7B5D4 /* Release */ = {
			isa = XCBuildConfiguration;
			buildSettings = {
				ALWAYS_SEARCH_USER_PATHS = NO;
				CLANG_CXX_LANGUAGE_STANDARD = "gnu++0x";
				CLANG_CXX_LIBRARY = "libc++";
				CLANG_ENABLE_MODULES = YES;
				CLANG_ENABLE_OBJC_ARC = YES;
				CLANG_WARN_BOOL_CONVERSION = YES;
				CLANG_WARN_CONSTANT_CONVERSION = YES;
				CLANG_WARN_DIRECT_OBJC_ISA_USAGE = YES_ERROR;
				CLANG_WARN_EMPTY_BODY = YES;
				CLANG_WARN_ENUM_CONVERSION = YES;
				CLANG_WARN_INT_CONVERSION = YES;
				CLANG_WARN_OBJC_ROOT_CLASS = YES_ERROR;
				CLANG_WARN_UNREACHABLE_CODE = YES;
				CLANG_WARN__DUPLICATE_METHOD_MATCH = YES;
				COPY_PHASE_STRIP = NO;
				DEBUG_INFORMATION_FORMAT = "dwarf-with-dsym";
				ENABLE_NS_ASSERTIONS = NO;
				ENABLE_STRICT_OBJC_MSGSEND = YES;
				GCC_C_LANGUAGE_STANDARD = gnu99;
				GCC_NO_COMMON_BLOCKS = YES;
				GCC_WARN_64_TO_32_BIT_CONVERSION = YES;
				GCC_WARN_ABOUT_RETURN_TYPE = YES_ERROR;
				GCC_WARN_UNDECLARED_SELECTOR = YES;
				GCC_WARN_UNINITIALIZED_AUTOS = YES_AGGRESSIVE;
				GCC_WARN_UNUSED_FUNCTION = YES;
				GCC_WARN_UNUSED_VARIABLE = YES;
				IPHONEOS_DEPLOYMENT_TARGET = 8.3;
				MTL_ENABLE_DEBUG_INFO = NO;
				SDKROOT = iphoneos;
				VALIDATE_PRODUCT = YES;
			};
			name = Release;
		};
		F75DC6E71B2B401000F7B5D4 /* Debug */ = {
			isa = XCBuildConfiguration;
			buildSettings = {
				OTHER_LDFLAGS = "-ObjC";
				PRODUCT_NAME = "$(TARGET_NAME)";
				SKIP_INSTALL = YES;
			};
			name = Debug;
		};
		F75DC6E81B2B401000F7B5D4 /* Release */ = {
			isa = XCBuildConfiguration;
			buildSettings = {
				OTHER_LDFLAGS = "-ObjC";
				PRODUCT_NAME = "$(TARGET_NAME)";
				SKIP_INSTALL = YES;
			};
			name = Release;
		};
		F75DC6EA1B2B401000F7B5D4 /* Debug */ = {
			isa = XCBuildConfiguration;
			buildSettings = {
				"CODE_SIGN_IDENTITY[sdk=iphoneos*]" = "iPhone Developer";
				FRAMEWORK_SEARCH_PATHS = (
					"$(SDKROOT)/Developer/Library/Frameworks",
					"$(inherited)",
				);
				GCC_PREPROCESSOR_DEFINITIONS = (
					"DEBUG=1",
					"$(inherited)",
				);
				INFOPLIST_FILE = BeaconProxLibTests/Info.plist;
				LD_RUNPATH_SEARCH_PATHS = "$(inherited) @executable_path/Frameworks @loader_path/Frameworks";
				PRODUCT_NAME = "$(TARGET_NAME)";
			};
			name = Debug;
		};
		F75DC6EB1B2B401000F7B5D4 /* Release */ = {
			isa = XCBuildConfiguration;
			buildSettings = {
				"CODE_SIGN_IDENTITY[sdk=iphoneos*]" = "iPhone Developer";
				FRAMEWORK_SEARCH_PATHS = (
					"$(SDKROOT)/Developer/Library/Frameworks",
					"$(inherited)",
				);
				INFOPLIST_FILE = BeaconProxLibTests/Info.plist;
				LD_RUNPATH_SEARCH_PATHS = "$(inherited) @executable_path/Frameworks @loader_path/Frameworks";
				PRODUCT_NAME = "$(TARGET_NAME)";
			};
			name = Release;
		};
/* End XCBuildConfiguration section */

/* Begin XCConfigurationList section */
		F75DC6CD1B2B400F00F7B5D4 /* Build configuration list for PBXProject "BeaconProxLib" */ = {
			isa = XCConfigurationList;
			buildConfigurations = (
				F75DC6E41B2B401000F7B5D4 /* Debug */,
				F75DC6E51B2B401000F7B5D4 /* Release */,
			);
			defaultConfigurationIsVisible = 0;
			defaultConfigurationName = Release;
		};
		F75DC6E61B2B401000F7B5D4 /* Build configuration list for PBXNativeTarget "BeaconProxLib" */ = {
			isa = XCConfigurationList;
			buildConfigurations = (
				F75DC6E71B2B401000F7B5D4 /* Debug */,
				F75DC6E81B2B401000F7B5D4 /* Release */,
			);
			defaultConfigurationIsVisible = 0;
		};
		F75DC6E91B2B401000F7B5D4 /* Build configuration list for PBXNativeTarget "BeaconProxLibTests" */ = {
			isa = XCConfigurationList;
			buildConfigurations = (
				F75DC6EA1B2B401000F7B5D4 /* Debug */,
				F75DC6EB1B2B401000F7B5D4 /* Release */,
			);
			defaultConfigurationIsVisible = 0;
		};
/* End XCConfigurationList section */
	};
	rootObject = F75DC6CA1B2B400F00F7B5D4 /* Project object */;
}
