// !$*UTF8*$!
{
	archiveVersion = 1;
	classes = {
	};
	objectVersion = 46;
	objects = {

/* Begin PBXBuildFile section */
		F75DC6A51B2A127300F7B5D4 /* main.m in Sources */ = {isa = PBXBuildFile; fileRef = F75DC6A41B2A127300F7B5D4 /* main.m */; };
		F75DC6A81B2A127300F7B5D4 /* AppDelegate.m in Sources */ = {isa = PBXBuildFile; fileRef = F75DC6A71B2A127300F7B5D4 /* AppDelegate.m */; };
		F75DC6AB1B2A127300F7B5D4 /* ViewController.m in Sources */ = {isa = PBXBuildFile; fileRef = F75DC6AA1B2A127300F7B5D4 /* ViewController.m */; };
		F75DC6AE1B2A127300F7B5D4 /* Main.storyboard in Resources */ = {isa = PBXBuildFile; fileRef = F75DC6AC1B2A127300F7B5D4 /* Main.storyboard */; };
		F75DC6B01B2A127300F7B5D4 /* Images.xcassets in Resources */ = {isa = PBXBuildFile; fileRef = F75DC6AF1B2A127300F7B5D4 /* Images.xcassets */; };
		F75DC6B31B2A127300F7B5D4 /* LaunchScreen.xib in Resources */ = {isa = PBXBuildFile; fileRef = F75DC6B11B2A127300F7B5D4 /* LaunchScreen.xib */; };
		F75DC6BF1B2A127300F7B5D4 /* makeABeaconTests.m in Sources */ = {isa = PBXBuildFile; fileRef = F75DC6BE1B2A127300F7B5D4 /* makeABeaconTests.m */; };
/* End PBXBuildFile section */

/* Begin PBXContainerItemProxy section */
		F75DC6B91B2A127300F7B5D4 /* PBXContainerItemProxy */ = {
			isa = PBXContainerItemProxy;
			containerPortal = F75DC6971B2A127300F7B5D4 /* Project object */;
			proxyType = 1;
			remoteGlobalIDString = F75DC69E1B2A127300F7B5D4;
			remoteInfo = makeABeacon;
		};
/* End PBXContainerItemProxy section */

/* Begin PBXFileReference section */
		F75DC69F1B2A127300F7B5D4 /* makeABeacon.app */ = {isa = PBXFileReference; explicitFileType = wrapper.application; includeInIndex = 0; path = makeABeacon.app; sourceTree = BUILT_PRODUCTS_DIR; };
		F75DC6A31B2A127300F7B5D4 /* Info.plist */ = {isa = PBXFileReference; lastKnownFileType = text.plist.xml; path = Info.plist; sourceTree = "<group>"; };
		F75DC6A41B2A127300F7B5D4 /* main.m */ = {isa = PBXFileReference; lastKnownFileType = sourcecode.c.objc; path = main.m; sourceTree = "<group>"; };
		F75DC6A61B2A127300F7B5D4 /* AppDelegate.h */ = {isa = PBXFileReference; lastKnownFileType = sourcecode.c.h; path = AppDelegate.h; sourceTree = "<group>"; };
		F75DC6A71B2A127300F7B5D4 /* AppDelegate.m */ = {isa = PBXFileReference; lastKnownFileType = sourcecode.c.objc; path = AppDelegate.m; sourceTree = "<group>"; };
		F75DC6A91B2A127300F7B5D4 /* ViewController.h */ = {isa = PBXFileReference; lastKnownFileType = sourcecode.c.h; path = ViewController.h; sourceTree = "<group>"; };
		F75DC6AA1B2A127300F7B5D4 /* ViewController.m */ = {isa = PBXFileReference; lastKnownFileType = sourcecode.c.objc; path = ViewController.m; sourceTree = "<group>"; };
		F75DC6AD1B2A127300F7B5D4 /* Base */ = {isa = PBXFileReference; lastKnownFileType = file.storyboard; name = Base; path = Base.lproj/Main.storyboard; sourceTree = "<group>"; };
		F75DC6AF1B2A127300F7B5D4 /* Images.xcassets */ = {isa = PBXFileReference; lastKnownFileType = folder.assetcatalog; path = Images.xcassets; sourceTree = "<group>"; };
		F75DC6B21B2A127300F7B5D4 /* Base */ = {isa = PBXFileReference; lastKnownFileType = file.xib; name = Base; path = Base.lproj/LaunchScreen.xib; sourceTree = "<group>"; };
		F75DC6B81B2A127300F7B5D4 /* makeABeaconTests.xctest */ = {isa = PBXFileReference; explicitFileType = wrapper.cfbundle; includeInIndex = 0; path = makeABeaconTests.xctest; sourceTree = BUILT_PRODUCTS_DIR; };
		F75DC6BD1B2A127300F7B5D4 /* Info.plist */ = {isa = PBXFileReference; lastKnownFileType = text.plist.xml; path = Info.plist; sourceTree = "<group>"; };
		F75DC6BE1B2A127300F7B5D4 /* makeABeaconTests.m */ = {isa = PBXFileReference; lastKnownFileType = sourcecode.c.objc; path = makeABeaconTests.m; sourceTree = "<group>"; };
/* End PBXFileReference section */

/* Begin PBXFrameworksBuildPhase section */
		F75DC69C1B2A127300F7B5D4 /* Frameworks */ = {
			isa = PBXFrameworksBuildPhase;
			buildActionMask = 2147483647;
			files = (
			);
			runOnlyForDeploymentPostprocessing = 0;
		};
		F75DC6B51B2A127300F7B5D4 /* Frameworks */ = {
			isa = PBXFrameworksBuildPhase;
			buildActionMask = 2147483647;
			files = (
			);
			runOnlyForDeploymentPostprocessing = 0;
		};
/* End PBXFrameworksBuildPhase section */

/* Begin PBXGroup section */
		F75DC6961B2A127300F7B5D4 = {
			isa = PBXGroup;
			children = (
				F75DC6A11B2A127300F7B5D4 /* makeABeacon */,
				F75DC6BB1B2A127300F7B5D4 /* makeABeaconTests */,
				F75DC6A01B2A127300F7B5D4 /* Products */,
			);
			sourceTree = "<group>";
		};
		F75DC6A01B2A127300F7B5D4 /* Products */ = {
			isa = PBXGroup;
			children = (
				F75DC69F1B2A127300F7B5D4 /* makeABeacon.app */,
				F75DC6B81B2A127300F7B5D4 /* makeABeaconTests.xctest */,
			);
			name = Products;
			sourceTree = "<group>";
		};
		F75DC6A11B2A127300F7B5D4 /* makeABeacon */ = {
			isa = PBXGroup;
			children = (
				F75DC6A61B2A127300F7B5D4 /* AppDelegate.h */,
				F75DC6A71B2A127300F7B5D4 /* AppDelegate.m */,
				F75DC6A91B2A127300F7B5D4 /* ViewController.h */,
				F75DC6AA1B2A127300F7B5D4 /* ViewController.m */,
				F75DC6AC1B2A127300F7B5D4 /* Main.storyboard */,
				F75DC6AF1B2A127300F7B5D4 /* Images.xcassets */,
				F75DC6B11B2A127300F7B5D4 /* LaunchScreen.xib */,
				F75DC6A21B2A127300F7B5D4 /* Supporting Files */,
			);
			path = makeABeacon;
			sourceTree = "<group>";
		};
		F75DC6A21B2A127300F7B5D4 /* Supporting Files */ = {
			isa = PBXGroup;
			children = (
				F75DC6A31B2A127300F7B5D4 /* Info.plist */,
				F75DC6A41B2A127300F7B5D4 /* main.m */,
			);
			name = "Supporting Files";
			sourceTree = "<group>";
		};
		F75DC6BB1B2A127300F7B5D4 /* makeABeaconTests */ = {
			isa = PBXGroup;
			children = (
				F75DC6BE1B2A127300F7B5D4 /* makeABeaconTests.m */,
				F75DC6BC1B2A127300F7B5D4 /* Supporting Files */,
			);
			path = makeABeaconTests;
			sourceTree = "<group>";
		};
		F75DC6BC1B2A127300F7B5D4 /* Supporting Files */ = {
			isa = PBXGroup;
			children = (
				F75DC6BD1B2A127300F7B5D4 /* Info.plist */,
			);
			name = "Supporting Files";
			sourceTree = "<group>";
		};
/* End PBXGroup section */

/* Begin PBXNativeTarget section */
		F75DC69E1B2A127300F7B5D4 /* makeABeacon */ = {
			isa = PBXNativeTarget;
			buildConfigurationList = F75DC6C21B2A127300F7B5D4 /* Build configuration list for PBXNativeTarget "makeABeacon" */;
			buildPhases = (
				F75DC69B1B2A127300F7B5D4 /* Sources */,
				F75DC69C1B2A127300F7B5D4 /* Frameworks */,
				F75DC69D1B2A127300F7B5D4 /* Resources */,
			);
			buildRules = (
			);
			dependencies = (
			);
			name = makeABeacon;
			productName = makeABeacon;
			productReference = F75DC69F1B2A127300F7B5D4 /* makeABeacon.app */;
			productType = "com.apple.product-type.application";
		};
		F75DC6B71B2A127300F7B5D4 /* makeABeaconTests */ = {
			isa = PBXNativeTarget;
			buildConfigurationList = F75DC6C51B2A127300F7B5D4 /* Build configuration list for PBXNativeTarget "makeABeaconTests" */;
			buildPhases = (
				F75DC6B41B2A127300F7B5D4 /* Sources */,
				F75DC6B51B2A127300F7B5D4 /* Frameworks */,
				F75DC6B61B2A127300F7B5D4 /* Resources */,
			);
			buildRules = (
			);
			dependencies = (
				F75DC6BA1B2A127300F7B5D4 /* PBXTargetDependency */,
			);
			name = makeABeaconTests;
			productName = makeABeaconTests;
			productReference = F75DC6B81B2A127300F7B5D4 /* makeABeaconTests.xctest */;
			productType = "com.apple.product-type.bundle.unit-test";
		};
/* End PBXNativeTarget section */

/* Begin PBXProject section */
		F75DC6971B2A127300F7B5D4 /* Project object */ = {
			isa = PBXProject;
			attributes = {
				LastUpgradeCheck = 0630;
				ORGANIZATIONNAME = "Nathan Larson";
				TargetAttributes = {
					F75DC69E1B2A127300F7B5D4 = {
						CreatedOnToolsVersion = 6.3.1;
					};
					F75DC6B71B2A127300F7B5D4 = {
						CreatedOnToolsVersion = 6.3.1;
						TestTargetID = F75DC69E1B2A127300F7B5D4;
					};
				};
			};
			buildConfigurationList = F75DC69A1B2A127300F7B5D4 /* Build configuration list for PBXProject "makeABeacon" */;
			compatibilityVersion = "Xcode 3.2";
			developmentRegion = English;
			hasScannedForEncodings = 0;
			knownRegions = (
				en,
				Base,
			);
			mainGroup = F75DC6961B2A127300F7B5D4;
			productRefGroup = F75DC6A01B2A127300F7B5D4 /* Products */;
			projectDirPath = "";
			projectRoot = "";
			targets = (
				F75DC69E1B2A127300F7B5D4 /* makeABeacon */,
				F75DC6B71B2A127300F7B5D4 /* makeABeaconTests */,
			);
		};
/* End PBXProject section */

/* Begin PBXResourcesBuildPhase section */
		F75DC69D1B2A127300F7B5D4 /* Resources */ = {
			isa = PBXResourcesBuildPhase;
			buildActionMask = 2147483647;
			files = (
				F75DC6AE1B2A127300F7B5D4 /* Main.storyboard in Resources */,
				F75DC6B31B2A127300F7B5D4 /* LaunchScreen.xib in Resources */,
				F75DC6B01B2A127300F7B5D4 /* Images.xcassets in Resources */,
			);
			runOnlyForDeploymentPostprocessing = 0;
		};
		F75DC6B61B2A127300F7B5D4 /* Resources */ = {
			isa = PBXResourcesBuildPhase;
			buildActionMask = 2147483647;
			files = (
			);
			runOnlyForDeploymentPostprocessing = 0;
		};
/* End PBXResourcesBuildPhase section */

/* Begin PBXSourcesBuildPhase section */
		F75DC69B1B2A127300F7B5D4 /* Sources */ = {
			isa = PBXSourcesBuildPhase;
			buildActionMask = 2147483647;
			files = (
				F75DC6AB1B2A127300F7B5D4 /* ViewController.m in Sources */,
				F75DC6A81B2A127300F7B5D4 /* AppDelegate.m in Sources */,
				F75DC6A51B2A127300F7B5D4 /* main.m in Sources */,
			);
			runOnlyForDeploymentPostprocessing = 0;
		};
		F75DC6B41B2A127300F7B5D4 /* Sources */ = {
			isa = PBXSourcesBuildPhase;
			buildActionMask = 2147483647;
			files = (
				F75DC6BF1B2A127300F7B5D4 /* makeABeaconTests.m in Sources */,
			);
			runOnlyForDeploymentPostprocessing = 0;
		};
/* End PBXSourcesBuildPhase section */

/* Begin PBXTargetDependency section */
		F75DC6BA1B2A127300F7B5D4 /* PBXTargetDependency */ = {
			isa = PBXTargetDependency;
			target = F75DC69E1B2A127300F7B5D4 /* makeABeacon */;
			targetProxy = F75DC6B91B2A127300F7B5D4 /* PBXContainerItemProxy */;
		};
/* End PBXTargetDependency section */

/* Begin PBXVariantGroup section */
		F75DC6AC1B2A127300F7B5D4 /* Main.storyboard */ = {
			isa = PBXVariantGroup;
			children = (
				F75DC6AD1B2A127300F7B5D4 /* Base */,
			);
			name = Main.storyboard;
			sourceTree = "<group>";
		};
		F75DC6B11B2A127300F7B5D4 /* LaunchScreen.xib */ = {
			isa = PBXVariantGroup;
			children = (
				F75DC6B21B2A127300F7B5D4 /* Base */,
			);
			name = LaunchScreen.xib;
			sourceTree = "<group>";
		};
/* End PBXVariantGroup section */

/* Begin XCBuildConfiguration section */
		F75DC6C01B2A127300F7B5D4 /* Debug */ = {
			isa = XCBuildConfiguration;
			buildSettings = {
				ALWAYS_SEARCH_USER_PATHS = NO;
				CLANG_CXX_LANGUAGE_STANDARD = "gnu++0x";
				CLANG_CXX_LIBRARY = "libc++";
				CLANG_ENABLE_MODULES = YES;
				CLANG_ENABLE_OBJC_ARC = YES;
				CLANG_WARN_BOOL_CONVERSION = YES;
				CLANG_WARN_CONSTANT_CONVERSION = YES;
				CLANG_WARN_DIRECT_OBJC_ISA_USAGE = YES_ERROR;
				CLANG_WARN_EMPTY_BODY = YES;
				CLANG_WARN_ENUM_CONVERSION = YES;
				CLANG_WARN_INT_CONVERSION = YES;
				CLANG_WARN_OBJC_ROOT_CLASS = YES_ERROR;
				CLANG_WARN_UNREACHABLE_CODE = YES;
				CLANG_WARN__DUPLICATE_METHOD_MATCH = YES;
				"CODE_SIGN_IDENTITY[sdk=iphoneos*]" = "iPhone Developer";
				COPY_PHASE_STRIP = NO;
				DEBUG_INFORMATION_FORMAT = "dwarf-with-dsym";
				ENABLE_STRICT_OBJC_MSGSEND = YES;
				GCC_C_LANGUAGE_STANDARD = gnu99;
				GCC_DYNAMIC_NO_PIC = NO;
				GCC_NO_COMMON_BLOCKS = YES;
				GCC_OPTIMIZATION_LEVEL = 0;
				GCC_PREPROCESSOR_DEFINITIONS = (
					"DEBUG=1",
					"$(inherited)",
				);
				GCC_SYMBOLS_PRIVATE_EXTERN = NO;
				GCC_WARN_64_TO_32_BIT_CONVERSION = YES;
				GCC_WARN_ABOUT_RETURN_TYPE = YES_ERROR;
				GCC_WARN_UNDECLARED_SELECTOR = YES;
				GCC_WARN_UNINITIALIZED_AUTOS = YES_AGGRESSIVE;
				GCC_WARN_UNUSED_FUNCTION = YES;
				GCC_WARN_UNUSED_VARIABLE = YES;
				IPHONEOS_DEPLOYMENT_TARGET = 8.3;
				MTL_ENABLE_DEBUG_INFO = YES;
				ONLY_ACTIVE_ARCH = YES;
				SDKROOT = iphoneos;
				TARGETED_DEVICE_FAMILY = "1,2";
			};
			name = Debug;
		};
		F75DC6C11B2A127300F7B5D4 /* Release */ = {
			isa = XCBuildConfiguration;
			buildSettings = {
				ALWAYS_SEARCH_USER_PATHS = NO;
				CLANG_CXX_LANGUAGE_STANDARD = "gnu++0x";
				CLANG_CXX_LIBRARY = "libc++";
				CLANG_ENABLE_MODULES = YES;
				CLANG_ENABLE_OBJC_ARC = YES;
				CLANG_WARN_BOOL_CONVERSION = YES;
				CLANG_WARN_CONSTANT_CONVERSION = YES;
				CLANG_WARN_DIRECT_OBJC_ISA_USAGE = YES_ERROR;
				CLANG_WARN_EMPTY_BODY = YES;
				CLANG_WARN_ENUM_CONVERSION = YES;
				CLANG_WARN_INT_CONVERSION = YES;
				CLANG_WARN_OBJC_ROOT_CLASS = YES_ERROR;
				CLANG_WARN_UNREACHABLE_CODE = YES;
				CLANG_WARN__DUPLICATE_METHOD_MATCH = YES;
				"CODE_SIGN_IDENTITY[sdk=iphoneos*]" = "iPhone Developer";
				COPY_PHASE_STRIP = NO;
				DEBUG_INFORMATION_FORMAT = "dwarf-with-dsym";
				ENABLE_NS_ASSERTIONS = NO;
				ENABLE_STRICT_OBJC_MSGSEND = YES;
				GCC_C_LANGUAGE_STANDARD = gnu99;
				GCC_NO_COMMON_BLOCKS = YES;
				GCC_WARN_64_TO_32_BIT_CONVERSION = YES;
				GCC_WARN_ABOUT_RETURN_TYPE = YES_ERROR;
				GCC_WARN_UNDECLARED_SELECTOR = YES;
				GCC_WARN_UNINITIALIZED_AUTOS = YES_AGGRESSIVE;
				GCC_WARN_UNUSED_FUNCTION = YES;
				GCC_WARN_UNUSED_VARIABLE = YES;
				IPHONEOS_DEPLOYMENT_TARGET = 8.3;
				MTL_ENABLE_DEBUG_INFO = NO;
				SDKROOT = iphoneos;
				TARGETED_DEVICE_FAMILY = "1,2";
				VALIDATE_PRODUCT = YES;
			};
			name = Release;
		};
		F75DC6C31B2A127300F7B5D4 /* Debug */ = {
			isa = XCBuildConfiguration;
			buildSettings = {
				ASSETCATALOG_COMPILER_APPICON_NAME = AppIcon;
				INFOPLIST_FILE = makeABeacon/Info.plist;
				LD_RUNPATH_SEARCH_PATHS = "$(inherited) @executable_path/Frameworks";
				PRODUCT_NAME = "$(TARGET_NAME)";
			};
			name = Debug;
		};
		F75DC6C41B2A127300F7B5D4 /* Release */ = {
			isa = XCBuildConfiguration;
			buildSettings = {
				ASSETCATALOG_COMPILER_APPICON_NAME = AppIcon;
				INFOPLIST_FILE = makeABeacon/Info.plist;
				LD_RUNPATH_SEARCH_PATHS = "$(inherited) @executable_path/Frameworks";
				PRODUCT_NAME = "$(TARGET_NAME)";
			};
			name = Release;
		};
		F75DC6C61B2A127300F7B5D4 /* Debug */ = {
			isa = XCBuildConfiguration;
			buildSettings = {
				BUNDLE_LOADER = "$(TEST_HOST)";
				FRAMEWORK_SEARCH_PATHS = (
					"$(SDKROOT)/Developer/Library/Frameworks",
					"$(inherited)",
				);
				GCC_PREPROCESSOR_DEFINITIONS = (
					"DEBUG=1",
					"$(inherited)",
				);
				INFOPLIST_FILE = makeABeaconTests/Info.plist;
				LD_RUNPATH_SEARCH_PATHS = "$(inherited) @executable_path/Frameworks @loader_path/Frameworks";
				PRODUCT_NAME = "$(TARGET_NAME)";
				TEST_HOST = "$(BUILT_PRODUCTS_DIR)/makeABeacon.app/makeABeacon";
			};
			name = Debug;
		};
		F75DC6C71B2A127300F7B5D4 /* Release */ = {
			isa = XCBuildConfiguration;
			buildSettings = {
				BUNDLE_LOADER = "$(TEST_HOST)";
				FRAMEWORK_SEARCH_PATHS = (
					"$(SDKROOT)/Developer/Library/Frameworks",
					"$(inherited)",
				);
				INFOPLIST_FILE = makeABeaconTests/Info.plist;
				LD_RUNPATH_SEARCH_PATHS = "$(inherited) @executable_path/Frameworks @loader_path/Frameworks";
				PRODUCT_NAME = "$(TARGET_NAME)";
				TEST_HOST = "$(BUILT_PRODUCTS_DIR)/makeABeacon.app/makeABeacon";
			};
			name = Release;
		};
/* End XCBuildConfiguration section */

/* Begin XCConfigurationList section */
		F75DC69A1B2A127300F7B5D4 /* Build configuration list for PBXProject "makeABeacon" */ = {
			isa = XCConfigurationList;
			buildConfigurations = (
				F75DC6C01B2A127300F7B5D4 /* Debug */,
				F75DC6C11B2A127300F7B5D4 /* Release */,
			);
			defaultConfigurationIsVisible = 0;
			defaultConfigurationName = Release;
		};
		F75DC6C21B2A127300F7B5D4 /* Build configuration list for PBXNativeTarget "makeABeacon" */ = {
			isa = XCConfigurationList;
			buildConfigurations = (
				F75DC6C31B2A127300F7B5D4 /* Debug */,
				F75DC6C41B2A127300F7B5D4 /* Release */,
			);
			defaultConfigurationIsVisible = 0;
		};
		F75DC6C51B2A127300F7B5D4 /* Build configuration list for PBXNativeTarget "makeABeaconTests" */ = {
			isa = XCConfigurationList;
			buildConfigurations = (
				F75DC6C61B2A127300F7B5D4 /* Debug */,
				F75DC6C71B2A127300F7B5D4 /* Release */,
			);
			defaultConfigurationIsVisible = 0;
		};
/* End XCConfigurationList section */
	};
	rootObject = F75DC6971B2A127300F7B5D4 /* Project object */;
}
