// !$*UTF8*$!
{
	archiveVersion = 1;
	classes = {
	};
	objectVersion = 46;
	objects = {

/* Begin PBXBuildFile section */
		F7F88ABC1B29E8D200B41604 /* AppDelegate.swift in Sources */ = {isa = PBXBuildFile; fileRef = F7F88ABB1B29E8D200B41604 /* AppDelegate.swift */; };
		F7F88ABE1B29E8D200B41604 /* ViewController.swift in Sources */ = {isa = PBXBuildFile; fileRef = F7F88ABD1B29E8D200B41604 /* ViewController.swift */; };
		F7F88AC11B29E8D200B41604 /* Main.storyboard in Resources */ = {isa = PBXBuildFile; fileRef = F7F88ABF1B29E8D200B41604 /* Main.storyboard */; };
		F7F88AC31B29E8D200B41604 /* Images.xcassets in Resources */ = {isa = PBXBuildFile; fileRef = F7F88AC21B29E8D200B41604 /* Images.xcassets */; };
		F7F88AC61B29E8D200B41604 /* LaunchScreen.xib in Resources */ = {isa = PBXBuildFile; fileRef = F7F88AC41B29E8D200B41604 /* LaunchScreen.xib */; };
		F7F88AD21B29E8D300B41604 /* iHereTests.swift in Sources */ = {isa = PBXBuildFile; fileRef = F7F88AD11B29E8D300B41604 /* iHereTests.swift */; };
/* End PBXBuildFile section */

/* Begin PBXContainerItemProxy section */
		F7F88ACC1B29E8D300B41604 /* PBXContainerItemProxy */ = {
			isa = PBXContainerItemProxy;
			containerPortal = F7F88AAE1B29E8D200B41604 /* Project object */;
			proxyType = 1;
			remoteGlobalIDString = F7F88AB51B29E8D200B41604;
			remoteInfo = iHere;
		};
/* End PBXContainerItemProxy section */

/* Begin PBXFileReference section */
		F7F88AB61B29E8D200B41604 /* iHere.app */ = {isa = PBXFileReference; explicitFileType = wrapper.application; includeInIndex = 0; path = iHere.app; sourceTree = BUILT_PRODUCTS_DIR; };
		F7F88ABA1B29E8D200B41604 /* Info.plist */ = {isa = PBXFileReference; lastKnownFileType = text.plist.xml; path = Info.plist; sourceTree = "<group>"; };
		F7F88ABB1B29E8D200B41604 /* AppDelegate.swift */ = {isa = PBXFileReference; lastKnownFileType = sourcecode.swift; path = AppDelegate.swift; sourceTree = "<group>"; };
		F7F88ABD1B29E8D200B41604 /* ViewController.swift */ = {isa = PBXFileReference; lastKnownFileType = sourcecode.swift; path = ViewController.swift; sourceTree = "<group>"; };
		F7F88AC01B29E8D200B41604 /* Base */ = {isa = PBXFileReference; lastKnownFileType = file.storyboard; name = Base; path = Base.lproj/Main.storyboard; sourceTree = "<group>"; };
		F7F88AC21B29E8D200B41604 /* Images.xcassets */ = {isa = PBXFileReference; lastKnownFileType = folder.assetcatalog; path = Images.xcassets; sourceTree = "<group>"; };
		F7F88AC51B29E8D200B41604 /* Base */ = {isa = PBXFileReference; lastKnownFileType = file.xib; name = Base; path = Base.lproj/LaunchScreen.xib; sourceTree = "<group>"; };
		F7F88ACB1B29E8D300B41604 /* iHereTests.xctest */ = {isa = PBXFileReference; explicitFileType = wrapper.cfbundle; includeInIndex = 0; path = iHereTests.xctest; sourceTree = BUILT_PRODUCTS_DIR; };
		F7F88AD01B29E8D300B41604 /* Info.plist */ = {isa = PBXFileReference; lastKnownFileType = text.plist.xml; path = Info.plist; sourceTree = "<group>"; };
		F7F88AD11B29E8D300B41604 /* iHereTests.swift */ = {isa = PBXFileReference; lastKnownFileType = sourcecode.swift; path = iHereTests.swift; sourceTree = "<group>"; };
/* End PBXFileReference section */

/* Begin PBXFrameworksBuildPhase section */
		F7F88AB31B29E8D200B41604 /* Frameworks */ = {
			isa = PBXFrameworksBuildPhase;
			buildActionMask = 2147483647;
			files = (
			);
			runOnlyForDeploymentPostprocessing = 0;
		};
		F7F88AC81B29E8D300B41604 /* Frameworks */ = {
			isa = PBXFrameworksBuildPhase;
			buildActionMask = 2147483647;
			files = (
			);
			runOnlyForDeploymentPostprocessing = 0;
		};
/* End PBXFrameworksBuildPhase section */

/* Begin PBXGroup section */
		F7F88AAD1B29E8D200B41604 = {
			isa = PBXGroup;
			children = (
				F7F88AB81B29E8D200B41604 /* iHere */,
				F7F88ACE1B29E8D300B41604 /* iHereTests */,
				F7F88AB71B29E8D200B41604 /* Products */,
			);
			sourceTree = "<group>";
		};
		F7F88AB71B29E8D200B41604 /* Products */ = {
			isa = PBXGroup;
			children = (
				F7F88AB61B29E8D200B41604 /* iHere.app */,
				F7F88ACB1B29E8D300B41604 /* iHereTests.xctest */,
			);
			name = Products;
			sourceTree = "<group>";
		};
		F7F88AB81B29E8D200B41604 /* iHere */ = {
			isa = PBXGroup;
			children = (
				F7F88ABB1B29E8D200B41604 /* AppDelegate.swift */,
				F7F88ABD1B29E8D200B41604 /* ViewController.swift */,
				F7F88ABF1B29E8D200B41604 /* Main.storyboard */,
				F7F88AC21B29E8D200B41604 /* Images.xcassets */,
				F7F88AC41B29E8D200B41604 /* LaunchScreen.xib */,
				F7F88AB91B29E8D200B41604 /* Supporting Files */,
			);
			path = iHere;
			sourceTree = "<group>";
		};
		F7F88AB91B29E8D200B41604 /* Supporting Files */ = {
			isa = PBXGroup;
			children = (
				F7F88ABA1B29E8D200B41604 /* Info.plist */,
			);
			name = "Supporting Files";
			sourceTree = "<group>";
		};
		F7F88ACE1B29E8D300B41604 /* iHereTests */ = {
			isa = PBXGroup;
			children = (
				F7F88AD11B29E8D300B41604 /* iHereTests.swift */,
				F7F88ACF1B29E8D300B41604 /* Supporting Files */,
			);
			path = iHereTests;
			sourceTree = "<group>";
		};
		F7F88ACF1B29E8D300B41604 /* Supporting Files */ = {
			isa = PBXGroup;
			children = (
				F7F88AD01B29E8D300B41604 /* Info.plist */,
			);
			name = "Supporting Files";
			sourceTree = "<group>";
		};
/* End PBXGroup section */

/* Begin PBXNativeTarget section */
		F7F88AB51B29E8D200B41604 /* iHere */ = {
			isa = PBXNativeTarget;
			buildConfigurationList = F7F88AD51B29E8D300B41604 /* Build configuration list for PBXNativeTarget "iHere" */;
			buildPhases = (
				F7F88AB21B29E8D200B41604 /* Sources */,
				F7F88AB31B29E8D200B41604 /* Frameworks */,
				F7F88AB41B29E8D200B41604 /* Resources */,
			);
			buildRules = (
			);
			dependencies = (
			);
			name = iHere;
			productName = iHere;
			productReference = F7F88AB61B29E8D200B41604 /* iHere.app */;
			productType = "com.apple.product-type.application";
		};
		F7F88ACA1B29E8D300B41604 /* iHereTests */ = {
			isa = PBXNativeTarget;
			buildConfigurationList = F7F88AD81B29E8D300B41604 /* Build configuration list for PBXNativeTarget "iHereTests" */;
			buildPhases = (
				F7F88AC71B29E8D300B41604 /* Sources */,
				F7F88AC81B29E8D300B41604 /* Frameworks */,
				F7F88AC91B29E8D300B41604 /* Resources */,
			);
			buildRules = (
			);
			dependencies = (
				F7F88ACD1B29E8D300B41604 /* PBXTargetDependency */,
			);
			name = iHereTests;
			productName = iHereTests;
			productReference = F7F88ACB1B29E8D300B41604 /* iHereTests.xctest */;
			productType = "com.apple.product-type.bundle.unit-test";
		};
/* End PBXNativeTarget section */

/* Begin PBXProject section */
		F7F88AAE1B29E8D200B41604 /* Project object */ = {
			isa = PBXProject;
			attributes = {
				LastUpgradeCheck = 0630;
				ORGANIZATIONNAME = "Nathan Larson";
				TargetAttributes = {
					F7F88AB51B29E8D200B41604 = {
						CreatedOnToolsVersion = 6.3.1;
					};
					F7F88ACA1B29E8D300B41604 = {
						CreatedOnToolsVersion = 6.3.1;
						TestTargetID = F7F88AB51B29E8D200B41604;
					};
				};
			};
			buildConfigurationList = F7F88AB11B29E8D200B41604 /* Build configuration list for PBXProject "iHere" */;
			compatibilityVersion = "Xcode 3.2";
			developmentRegion = English;
			hasScannedForEncodings = 0;
			knownRegions = (
				en,
				Base,
			);
			mainGroup = F7F88AAD1B29E8D200B41604;
			productRefGroup = F7F88AB71B29E8D200B41604 /* Products */;
			projectDirPath = "";
			projectRoot = "";
			targets = (
				F7F88AB51B29E8D200B41604 /* iHere */,
				F7F88ACA1B29E8D300B41604 /* iHereTests */,
			);
		};
/* End PBXProject section */

/* Begin PBXResourcesBuildPhase section */
		F7F88AB41B29E8D200B41604 /* Resources */ = {
			isa = PBXResourcesBuildPhase;
			buildActionMask = 2147483647;
			files = (
				F7F88AC11B29E8D200B41604 /* Main.storyboard in Resources */,
				F7F88AC61B29E8D200B41604 /* LaunchScreen.xib in Resources */,
				F7F88AC31B29E8D200B41604 /* Images.xcassets in Resources */,
			);
			runOnlyForDeploymentPostprocessing = 0;
		};
		F7F88AC91B29E8D300B41604 /* Resources */ = {
			isa = PBXResourcesBuildPhase;
			buildActionMask = 2147483647;
			files = (
			);
			runOnlyForDeploymentPostprocessing = 0;
		};
/* End PBXResourcesBuildPhase section */

/* Begin PBXSourcesBuildPhase section */
		F7F88AB21B29E8D200B41604 /* Sources */ = {
			isa = PBXSourcesBuildPhase;
			buildActionMask = 2147483647;
			files = (
				F7F88ABE1B29E8D200B41604 /* ViewController.swift in Sources */,
				F7F88ABC1B29E8D200B41604 /* AppDelegate.swift in Sources */,
			);
			runOnlyForDeploymentPostprocessing = 0;
		};
		F7F88AC71B29E8D300B41604 /* Sources */ = {
			isa = PBXSourcesBuildPhase;
			buildActionMask = 2147483647;
			files = (
				F7F88AD21B29E8D300B41604 /* iHereTests.swift in Sources */,
			);
			runOnlyForDeploymentPostprocessing = 0;
		};
/* End PBXSourcesBuildPhase section */

/* Begin PBXTargetDependency section */
		F7F88ACD1B29E8D300B41604 /* PBXTargetDependency */ = {
			isa = PBXTargetDependency;
			target = F7F88AB51B29E8D200B41604 /* iHere */;
			targetProxy = F7F88ACC1B29E8D300B41604 /* PBXContainerItemProxy */;
		};
/* End PBXTargetDependency section */

/* Begin PBXVariantGroup section */
		F7F88ABF1B29E8D200B41604 /* Main.storyboard */ = {
			isa = PBXVariantGroup;
			children = (
				F7F88AC01B29E8D200B41604 /* Base */,
			);
			name = Main.storyboard;
			sourceTree = "<group>";
		};
		F7F88AC41B29E8D200B41604 /* LaunchScreen.xib */ = {
			isa = PBXVariantGroup;
			children = (
				F7F88AC51B29E8D200B41604 /* Base */,
			);
			name = LaunchScreen.xib;
			sourceTree = "<group>";
		};
/* End PBXVariantGroup section */

/* Begin XCBuildConfiguration section */
		F7F88AD31B29E8D300B41604 /* Debug */ = {
			isa = XCBuildConfiguration;
			buildSettings = {
				ALWAYS_SEARCH_USER_PATHS = NO;
				CLANG_CXX_LANGUAGE_STANDARD = "gnu++0x";
				CLANG_CXX_LIBRARY = "libc++";
				CLANG_ENABLE_MODULES = YES;
				CLANG_ENABLE_OBJC_ARC = YES;
				CLANG_WARN_BOOL_CONVERSION = YES;
				CLANG_WARN_CONSTANT_CONVERSION = YES;
				CLANG_WARN_DIRECT_OBJC_ISA_USAGE = YES_ERROR;
				CLANG_WARN_EMPTY_BODY = YES;
				CLANG_WARN_ENUM_CONVERSION = YES;
				CLANG_WARN_INT_CONVERSION = YES;
				CLANG_WARN_OBJC_ROOT_CLASS = YES_ERROR;
				CLANG_WARN_UNREACHABLE_CODE = YES;
				CLANG_WARN__DUPLICATE_METHOD_MATCH = YES;
				"CODE_SIGN_IDENTITY[sdk=iphoneos*]" = "iPhone Developer";
				COPY_PHASE_STRIP = NO;
				DEBUG_INFORMATION_FORMAT = "dwarf-with-dsym";
				ENABLE_STRICT_OBJC_MSGSEND = YES;
				GCC_C_LANGUAGE_STANDARD = gnu99;
				GCC_DYNAMIC_NO_PIC = NO;
				GCC_NO_COMMON_BLOCKS = YES;
				GCC_OPTIMIZATION_LEVEL = 0;
				GCC_PREPROCESSOR_DEFINITIONS = (
					"DEBUG=1",
					"$(inherited)",
				);
				GCC_SYMBOLS_PRIVATE_EXTERN = NO;
				GCC_WARN_64_TO_32_BIT_CONVERSION = YES;
				GCC_WARN_ABOUT_RETURN_TYPE = YES_ERROR;
				GCC_WARN_UNDECLARED_SELECTOR = YES;
				GCC_WARN_UNINITIALIZED_AUTOS = YES_AGGRESSIVE;
				GCC_WARN_UNUSED_FUNCTION = YES;
				GCC_WARN_UNUSED_VARIABLE = YES;
				IPHONEOS_DEPLOYMENT_TARGET = 8.3;
				MTL_ENABLE_DEBUG_INFO = YES;
				ONLY_ACTIVE_ARCH = YES;
				SDKROOT = iphoneos;
				SWIFT_OPTIMIZATION_LEVEL = "-Onone";
				TARGETED_DEVICE_FAMILY = "1,2";
			};
			name = Debug;
		};
		F7F88AD41B29E8D300B41604 /* Release */ = {
			isa = XCBuildConfiguration;
			buildSettings = {
				ALWAYS_SEARCH_USER_PATHS = NO;
				CLANG_CXX_LANGUAGE_STANDARD = "gnu++0x";
				CLANG_CXX_LIBRARY = "libc++";
				CLANG_ENABLE_MODULES = YES;
				CLANG_ENABLE_OBJC_ARC = YES;
				CLANG_WARN_BOOL_CONVERSION = YES;
				CLANG_WARN_CONSTANT_CONVERSION = YES;
				CLANG_WARN_DIRECT_OBJC_ISA_USAGE = YES_ERROR;
				CLANG_WARN_EMPTY_BODY = YES;
				CLANG_WARN_ENUM_CONVERSION = YES;
				CLANG_WARN_INT_CONVERSION = YES;
				CLANG_WARN_OBJC_ROOT_CLASS = YES_ERROR;
				CLANG_WARN_UNREACHABLE_CODE = YES;
				CLANG_WARN__DUPLICATE_METHOD_MATCH = YES;
				"CODE_SIGN_IDENTITY[sdk=iphoneos*]" = "iPhone Developer";
				COPY_PHASE_STRIP = NO;
				DEBUG_INFORMATION_FORMAT = "dwarf-with-dsym";
				ENABLE_NS_ASSERTIONS = NO;
				ENABLE_STRICT_OBJC_MSGSEND = YES;
				GCC_C_LANGUAGE_STANDARD = gnu99;
				GCC_NO_COMMON_BLOCKS = YES;
				GCC_WARN_64_TO_32_BIT_CONVERSION = YES;
				GCC_WARN_ABOUT_RETURN_TYPE = YES_ERROR;
				GCC_WARN_UNDECLARED_SELECTOR = YES;
				GCC_WARN_UNINITIALIZED_AUTOS = YES_AGGRESSIVE;
				GCC_WARN_UNUSED_FUNCTION = YES;
				GCC_WARN_UNUSED_VARIABLE = YES;
				IPHONEOS_DEPLOYMENT_TARGET = 8.3;
				MTL_ENABLE_DEBUG_INFO = NO;
				SDKROOT = iphoneos;
				TARGETED_DEVICE_FAMILY = "1,2";
				VALIDATE_PRODUCT = YES;
			};
			name = Release;
		};
		F7F88AD61B29E8D300B41604 /* Debug */ = {
			isa = XCBuildConfiguration;
			buildSettings = {
				ASSETCATALOG_COMPILER_APPICON_NAME = AppIcon;
				INFOPLIST_FILE = iHere/Info.plist;
				LD_RUNPATH_SEARCH_PATHS = "$(inherited) @executable_path/Frameworks";
				PRODUCT_NAME = "$(TARGET_NAME)";
			};
			name = Debug;
		};
		F7F88AD71B29E8D300B41604 /* Release */ = {
			isa = XCBuildConfiguration;
			buildSettings = {
				ASSETCATALOG_COMPILER_APPICON_NAME = AppIcon;
				INFOPLIST_FILE = iHere/Info.plist;
				LD_RUNPATH_SEARCH_PATHS = "$(inherited) @executable_path/Frameworks";
				PRODUCT_NAME = "$(TARGET_NAME)";
			};
			name = Release;
		};
		F7F88AD91B29E8D300B41604 /* Debug */ = {
			isa = XCBuildConfiguration;
			buildSettings = {
				BUNDLE_LOADER = "$(TEST_HOST)";
				FRAMEWORK_SEARCH_PATHS = (
					"$(SDKROOT)/Developer/Library/Frameworks",
					"$(inherited)",
				);
				GCC_PREPROCESSOR_DEFINITIONS = (
					"DEBUG=1",
					"$(inherited)",
				);
				INFOPLIST_FILE = iHereTests/Info.plist;
				LD_RUNPATH_SEARCH_PATHS = "$(inherited) @executable_path/Frameworks @loader_path/Frameworks";
				PRODUCT_NAME = "$(TARGET_NAME)";
				TEST_HOST = "$(BUILT_PRODUCTS_DIR)/iHere.app/iHere";
			};
			name = Debug;
		};
		F7F88ADA1B29E8D300B41604 /* Release */ = {
			isa = XCBuildConfiguration;
			buildSettings = {
				BUNDLE_LOADER = "$(TEST_HOST)";
				FRAMEWORK_SEARCH_PATHS = (
					"$(SDKROOT)/Developer/Library/Frameworks",
					"$(inherited)",
				);
				INFOPLIST_FILE = iHereTests/Info.plist;
				LD_RUNPATH_SEARCH_PATHS = "$(inherited) @executable_path/Frameworks @loader_path/Frameworks";
				PRODUCT_NAME = "$(TARGET_NAME)";
				TEST_HOST = "$(BUILT_PRODUCTS_DIR)/iHere.app/iHere";
			};
			name = Release;
		};
/* End XCBuildConfiguration section */

/* Begin XCConfigurationList section */
		F7F88AB11B29E8D200B41604 /* Build configuration list for PBXProject "iHere" */ = {
			isa = XCConfigurationList;
			buildConfigurations = (
				F7F88AD31B29E8D300B41604 /* Debug */,
				F7F88AD41B29E8D300B41604 /* Release */,
			);
			defaultConfigurationIsVisible = 0;
			defaultConfigurationName = Release;
		};
		F7F88AD51B29E8D300B41604 /* Build configuration list for PBXNativeTarget "iHere" */ = {
			isa = XCConfigurationList;
			buildConfigurations = (
				F7F88AD61B29E8D300B41604 /* Debug */,
				F7F88AD71B29E8D300B41604 /* Release */,
			);
			defaultConfigurationIsVisible = 0;
		};
		F7F88AD81B29E8D300B41604 /* Build configuration list for PBXNativeTarget "iHereTests" */ = {
			isa = XCConfigurationList;
			buildConfigurations = (
				F7F88AD91B29E8D300B41604 /* Debug */,
				F7F88ADA1B29E8D300B41604 /* Release */,
			);
			defaultConfigurationIsVisible = 0;
		};
/* End XCConfigurationList section */
	};
	rootObject = F7F88AAE1B29E8D200B41604 /* Project object */;
}
